{
  "name": "flow-field",
  "lockfileVersion": 2,
  "requires": true,
  "packages": {
    "": {
      "dependencies": {
        "p5.createloop": "^0.2.12"
      }
    },
    "node_modules/createloop": {
      "version": "0.0.12",
      "resolved": "https://registry.npmjs.org/createloop/-/createloop-0.0.12.tgz",
      "integrity": "sha512-KqqcmomV2Q9PNjRdoa3+fgXosDm21Hc9J9u/ei3tUHawyYiJmx+qbHn84kV2EXl2kEofg62osx7hYsvV3D3rUw==",
      "dependencies": {
        "gif.js": "^0.2.0",
        "simplex-noise": "^2.4.0"
      }
    },
    "node_modules/gif.js": {
      "version": "0.2.0",
      "resolved": "https://registry.npmjs.org/gif.js/-/gif.js-0.2.0.tgz",
      "integrity": "sha512-bYxCoT8OZKmbxY8RN4qDiYuj4nrQDTzgLRcFVovyona1PTWNePzI4nzOmotnlOFIzTk/ZxAHtv+TfVLiBWj/hw=="
    },
    "node_modules/p5": {
      "version": "0.8.0",
      "resolved": "https://registry.npmjs.org/p5/-/p5-0.8.0.tgz",
      "integrity": "sha512-X415HATmOwcbWpgXTCHyDNdcGTNuzuZFaW9GoOsZd3PFrTmugdf+xLr9AO+rGHxBOFgdqfaj766vJeH1wPkCrQ=="
    },
    "node_modules/p5.createloop": {
      "version": "0.2.12",
      "resolved": "https://registry.npmjs.org/p5.createloop/-/p5.createloop-0.2.12.tgz",
      "integrity": "sha512-A9ZD+o5rt+8eX3XQuKckDklcYbPF/Bp6nm6gw3mX8/HMomzD+U7MRU6j4Fph921g1zDAkic6ytw+p/PYM+7PHQ==",
      "dependencies": {
        "createloop": "0.0.12",
        "p5": "^0.8.0"
      }
    },
    "node_modules/simplex-noise": {
      "version": "2.4.0",
      "resolved": "https://registry.npmjs.org/simplex-noise/-/simplex-noise-2.4.0.tgz",
      "integrity": "sha512-OjyDWm/QZjVbMrPxDVi9b2as+SeNn9EBXlrWVRlFW+TSyWMSXouDryXkQN0vf5YP+QZKobrmkvx1eQYPLtuqfw=="
    }
  },
  "dependencies": {
    "createloop": {
      "version": "0.0.12",
      "resolved": "https://registry.npmjs.org/createloop/-/createloop-0.0.12.tgz",
      "integrity": "sha512-KqqcmomV2Q9PNjRdoa3+fgXosDm21Hc9J9u/ei3tUHawyYiJmx+qbHn84kV2EXl2kEofg62osx7hYsvV3D3rUw==",
      "requires": {
        "gif.js": "^0.2.0",
        "simplex-noise": "^2.4.0"
      }
    },
    "gif.js": {
      "version": "0.2.0",
      "resolved": "https://registry.npmjs.org/gif.js/-/gif.js-0.2.0.tgz",
      "integrity": "sha512-bYxCoT8OZKmbxY8RN4qDiYuj4nrQDTzgLRcFVovyona1PTWNePzI4nzOmotnlOFIzTk/ZxAHtv+TfVLiBWj/hw=="
    },
    "p5": {
      "version": "0.8.0",
      "resolved": "https://registry.npmjs.org/p5/-/p5-0.8.0.tgz",
      "integrity": "sha512-X415HATmOwcbWpgXTCHyDNdcGTNuzuZFaW9GoOsZd3PFrTmugdf+xLr9AO+rGHxBOFgdqfaj766vJeH1wPkCrQ=="
    },
    "p5.createloop": {
      "version": "0.2.12",
      "resolved": "https://registry.npmjs.org/p5.createloop/-/p5.createloop-0.2.12.tgz",
      "integrity": "sha512-A9ZD+o5rt+8eX3XQuKckDklcYbPF/Bp6nm6gw3mX8/HMomzD+U7MRU6j4Fph921g1zDAkic6ytw+p/PYM+7PHQ==",
      "requires": {
        "createloop": "0.0.12",
        "p5": "^0.8.0"
      }
    },
    "simplex-noise": {
      "version": "2.4.0",
      "resolved": "https://registry.npmjs.org/simplex-noise/-/simplex-noise-2.4.0.tgz",
      "integrity": "sha512-OjyDWm/QZjVbMrPxDVi9b2as+SeNn9EBXlrWVRlFW+TSyWMSXouDryXkQN0vf5YP+QZKobrmkvx1eQYPLtuqfw=="
    }
  }
}
